
Microsoft Visual Studio Solution File, Format Version 12.00
# Visual Studio Version 16
VisualStudioVersion = 16.0.29709.97
MinimumVisualStudioVersion = 10.0.40219.1
Project("{9A19103F-16F7-4668-BE54-9A1E7A4F7556}") = "GmaExtractorConsole", "GmaExtractorConsole\GmaExtractorConsole.csproj", "{7C1B603A-14F2-4868-A31E-01D3C8D236EE}"
EndProject
Project("{9A19103F-16F7-4668-BE54-9A1E7A4F7556}") = "GmaExtractorLibrary", "..\GmaExtractorLibrary\GmaExtractorLibrary\GmaExtractorLibrary.csproj", "{B393C437-E4DA-4BB4-8A52-F510BD7EECCD}"
EndProject
Global
	GlobalSection(SolutionConfigurationPlatforms) = preSolution
		Debug|Any CPU = Debug|Any CPU
		Release|Any CPU = Release|Any CPU
	EndGlobalSection
	GlobalSection(ProjectConfigurationPlatforms) = postSolution
		{7C1B603A-14F2-4868-A31E-01D3C8D236EE}.Debug|Any CPU.ActiveCfg = Debug|Any CPU
		{7C1B603A-14F2-4868-A31E-01D3C8D236EE}.Debug|Any CPU.Build.0 = Debug|Any CPU
		{7C1B603A-14F2-4868-A31E-01D3C8D236EE}.Release|Any CPU.ActiveCfg = Release|Any CPU
		{7C1B603A-14F2-4868-A31E-01D3C8D236EE}.Release|Any CPU.Build.0 = Release|Any CPU
		{B393C437-E4DA-4BB4-8A52-F510BD7EECCD}.Debug|Any CPU.ActiveCfg = Debug|Any CPU
		{B393C437-E4DA-4BB4-8A52-F510BD7EECCD}.Debug|Any CPU.Build.0 = Debug|Any CPU
		{B393C437-E4DA-4BB4-8A52-F510BD7EECCD}.Release|Any CPU.ActiveCfg = Release|Any CPU
		{B393C437-E4DA-4BB4-8A52-F510BD7EECCD}.Release|Any CPU.Build.0 = Release|Any CPU
	EndGlobalSection
	GlobalSection(SolutionProperties) = preSolution
		HideSolutionNode = FALSE
	EndGlobalSection
	GlobalSection(ExtensibilityGlobals) = postSolution
		SolutionGuid = {A3E209FC-370B-4235-838A-9B0FED123DE4}
	EndGlobalSection
EndGlobal
